
Microsoft Visual Studio Solution File, Format Version 12.00
# Visual Studio Version 17
VisualStudioVersion = 17.7.34202.233
MinimumVisualStudioVersion = 10.0.40219.1
Project("{8BC9CEB8-8B4A-11D0-8D11-00A0C91BC942}") = "3.04. Insert Even Numers", "3.04. Insert Even Numers\3.04. Insert Even Numers.vcxproj", "{62C381C1-9C34-419A-8BDF-AD81DE44297A}"
EndProject
Global
	GlobalSection(SolutionConfigurationPlatforms) = preSolution
		Debug|x64 = Debug|x64
		Debug|x86 = Debug|x86
		Release|x64 = Release|x64
		Release|x86 = Release|x86
	EndGlobalSection
	GlobalSection(ProjectConfigurationPlatforms) = postSolution
		{62C381C1-9C34-419A-8BDF-AD81DE44297A}.Debug|x64.ActiveCfg = Debug|x64
		{62C381C1-9C34-419A-8BDF-AD81DE44297A}.Debug|x64.Build.0 = Debug|x64
		{62C381C1-9C34-419A-8BDF-AD81DE44297A}.Debug|x86.ActiveCfg = Debug|Win32
		{62C381C1-9C34-419A-8BDF-AD81DE44297A}.Debug|x86.Build.0 = Debug|Win32
		{62C381C1-9C34-419A-8BDF-AD81DE44297A}.Release|x64.ActiveCfg = Release|x64
		{62C381C1-9C34-419A-8BDF-AD81DE44297A}.Release|x64.Build.0 = Release|x64
		{62C381C1-9C34-419A-8BDF-AD81DE44297A}.Release|x86.ActiveCfg = Release|Win32
		{62C381C1-9C34-419A-8BDF-AD81DE44297A}.Release|x86.Build.0 = Release|Win32
	EndGlobalSection
	GlobalSection(SolutionProperties) = preSolution
		HideSolutionNode = FALSE
	EndGlobalSection
	GlobalSection(ExtensibilityGlobals) = postSolution
		SolutionGuid = {C30716A8-794B-443A-8A95-612BD28988EF}
	EndGlobalSection
EndGlobal
