
Microsoft Visual Studio Solution File, Format Version 12.00
# Visual Studio Version 17
VisualStudioVersion = 17.7.34202.233
MinimumVisualStudioVersion = 10.0.40219.1
Project("{8BC9CEB8-8B4A-11D0-8D11-00A0C91BC942}") = "23125055_W09_Assignment1", "23125055_W09_Assignment1\23125055_W09_Assignment1.vcxproj", "{D52AE873-5C67-420C-BCF5-1193C0298052}"
EndProject
Global
	GlobalSection(SolutionConfigurationPlatforms) = preSolution
		Debug|x64 = Debug|x64
		Debug|x86 = Debug|x86
		Release|x64 = Release|x64
		Release|x86 = Release|x86
	EndGlobalSection
	GlobalSection(ProjectConfigurationPlatforms) = postSolution
		{D52AE873-5C67-420C-BCF5-1193C0298052}.Debug|x64.ActiveCfg = Debug|x64
		{D52AE873-5C67-420C-BCF5-1193C0298052}.Debug|x64.Build.0 = Debug|x64
		{D52AE873-5C67-420C-BCF5-1193C0298052}.Debug|x86.ActiveCfg = Debug|Win32
		{D52AE873-5C67-420C-BCF5-1193C0298052}.Debug|x86.Build.0 = Debug|Win32
		{D52AE873-5C67-420C-BCF5-1193C0298052}.Release|x64.ActiveCfg = Release|x64
		{D52AE873-5C67-420C-BCF5-1193C0298052}.Release|x64.Build.0 = Release|x64
		{D52AE873-5C67-420C-BCF5-1193C0298052}.Release|x86.ActiveCfg = Release|Win32
		{D52AE873-5C67-420C-BCF5-1193C0298052}.Release|x86.Build.0 = Release|Win32
	EndGlobalSection
	GlobalSection(SolutionProperties) = preSolution
		HideSolutionNode = FALSE
	EndGlobalSection
	GlobalSection(ExtensibilityGlobals) = postSolution
		SolutionGuid = {448C8884-CA32-40E1-880E-F96869771356}
	EndGlobalSection
EndGlobal
