
Microsoft Visual Studio Solution File, Format Version 12.00
# Visual Studio Version 17
VisualStudioVersion = 17.7.34202.233
MinimumVisualStudioVersion = 10.0.40219.1
Project("{8BC9CEB8-8B4A-11D0-8D11-00A0C91BC942}") = "Assignment 1", "Assignment 1\Assignment 1.vcxproj", "{DB58ADB2-C3F1-450C-9006-3A554D94A113}"
EndProject
Global
	GlobalSection(SolutionConfigurationPlatforms) = preSolution
		Debug|x64 = Debug|x64
		Debug|x86 = Debug|x86
		Release|x64 = Release|x64
		Release|x86 = Release|x86
	EndGlobalSection
	GlobalSection(ProjectConfigurationPlatforms) = postSolution
		{DB58ADB2-C3F1-450C-9006-3A554D94A113}.Debug|x64.ActiveCfg = Debug|x64
		{DB58ADB2-C3F1-450C-9006-3A554D94A113}.Debug|x64.Build.0 = Debug|x64
		{DB58ADB2-C3F1-450C-9006-3A554D94A113}.Debug|x86.ActiveCfg = Debug|Win32
		{DB58ADB2-C3F1-450C-9006-3A554D94A113}.Debug|x86.Build.0 = Debug|Win32
		{DB58ADB2-C3F1-450C-9006-3A554D94A113}.Release|x64.ActiveCfg = Release|x64
		{DB58ADB2-C3F1-450C-9006-3A554D94A113}.Release|x64.Build.0 = Release|x64
		{DB58ADB2-C3F1-450C-9006-3A554D94A113}.Release|x86.ActiveCfg = Release|Win32
		{DB58ADB2-C3F1-450C-9006-3A554D94A113}.Release|x86.Build.0 = Release|Win32
	EndGlobalSection
	GlobalSection(SolutionProperties) = preSolution
		HideSolutionNode = FALSE
	EndGlobalSection
	GlobalSection(ExtensibilityGlobals) = postSolution
		SolutionGuid = {D051B50B-7E2A-438C-8677-2A8A15A23655}
	EndGlobalSection
EndGlobal
