
Microsoft Visual Studio Solution File, Format Version 12.00
# Visual Studio Version 17
VisualStudioVersion = 17.7.34202.233
MinimumVisualStudioVersion = 10.0.40219.1
Project("{8BC9CEB8-8B4A-11D0-8D11-00A0C91BC942}") = "3.03. Reverse the list", "3.03. Reverse the list\3.03. Reverse the list.vcxproj", "{3BB7E656-2086-496E-B870-3518F0991574}"
EndProject
Global
	GlobalSection(SolutionConfigurationPlatforms) = preSolution
		Debug|x64 = Debug|x64
		Debug|x86 = Debug|x86
		Release|x64 = Release|x64
		Release|x86 = Release|x86
	EndGlobalSection
	GlobalSection(ProjectConfigurationPlatforms) = postSolution
		{3BB7E656-2086-496E-B870-3518F0991574}.Debug|x64.ActiveCfg = Debug|x64
		{3BB7E656-2086-496E-B870-3518F0991574}.Debug|x64.Build.0 = Debug|x64
		{3BB7E656-2086-496E-B870-3518F0991574}.Debug|x86.ActiveCfg = Debug|Win32
		{3BB7E656-2086-496E-B870-3518F0991574}.Debug|x86.Build.0 = Debug|Win32
		{3BB7E656-2086-496E-B870-3518F0991574}.Release|x64.ActiveCfg = Release|x64
		{3BB7E656-2086-496E-B870-3518F0991574}.Release|x64.Build.0 = Release|x64
		{3BB7E656-2086-496E-B870-3518F0991574}.Release|x86.ActiveCfg = Release|Win32
		{3BB7E656-2086-496E-B870-3518F0991574}.Release|x86.Build.0 = Release|Win32
	EndGlobalSection
	GlobalSection(SolutionProperties) = preSolution
		HideSolutionNode = FALSE
	EndGlobalSection
	GlobalSection(ExtensibilityGlobals) = postSolution
		SolutionGuid = {1AAB1819-460C-4FCF-8519-1A6AD2C30267}
	EndGlobalSection
EndGlobal
